
Microsoft Visual Studio Solution File, Format Version 12.00
# Visual Studio Version 16
VisualStudioVersion = 16.0.31702.278
MinimumVisualStudioVersion = 10.0.40219.1
Project("{9A19103F-16F7-4668-BE54-9A1E7A4F7556}") = "NW_Market_OCR", "NW_Market_OCR\NW_Market_OCR.csproj", "{7A93D855-CCF3-4E34-B8D1-065286BBFA52}"
EndProject
Project("{9A19103F-16F7-4668-BE54-9A1E7A4F7556}") = "NW_Market_Tools", "NW_Market_Tools\NW_Market_Tools.csproj", "{BCC0A28B-1B50-46AA-883D-D7239C0AD0B6}"
EndProject
Project("{9A19103F-16F7-4668-BE54-9A1E7A4F7556}") = "NW_Market_Model", "MW_Market_Model\NW_Market_Model.csproj", "{DD9B21F5-328D-4A25-90B1-E9DC81B6FD54}"
EndProject
Project("{9A19103F-16F7-4668-BE54-9A1E7A4F7556}") = "NwdbInfoApi", "NwdbInfoApi\NwdbInfoApi.csproj", "{69927286-9B68-4F66-9204-658F38C56A38}"
EndProject
Project("{9A19103F-16F7-4668-BE54-9A1E7A4F7556}") = "NW_Market_Collector", "NW_Market_Collector\NW_Market_Collector.csproj", "{3C8260D2-A5E1-42B3-B792-4A8A1B652D72}"
EndProject
Project("{9A19103F-16F7-4668-BE54-9A1E7A4F7556}") = "NW_Market_Collector_Form", "NW_Market_Collector_Form\NW_Market_Collector_Form.csproj", "{E7F81B42-5339-4F8C-B0B0-0AB06344321B}"
EndProject
Project("{9A19103F-16F7-4668-BE54-9A1E7A4F7556}") = "NW_Stream_Collector", "NW_Stream_Collector\NW_Stream_Collector.csproj", "{BA46A9AB-D81B-46A8-B1DF-A2F1A390CDA8}"
EndProject
Project("{9A19103F-16F7-4668-BE54-9A1E7A4F7556}") = "StreamApi", "StreamApi\StreamApi.csproj", "{950E0242-9856-4B2A-AE2B-87BDABB17F9C}"
EndProject
Project("{9A19103F-16F7-4668-BE54-9A1E7A4F7556}") = "NW_Image_Analysis", "NW_Image_Analysis\NW_Image_Analysis.csproj", "{10010FA6-2F24-4C9E-91DC-C16B98588690}"
EndProject
Project("{FAE04EC0-301F-11D3-BF4B-00C04F79EFBC}") = "NW_Market_OCR_Tests", "NW_Market_OCR_Tests\NW_Market_OCR_Tests.csproj", "{9F7B7D15-28D5-4457-89C5-4E5749A87C54}"
EndProject
Global
	GlobalSection(SolutionConfigurationPlatforms) = preSolution
		Debug|Any CPU = Debug|Any CPU
		Release|Any CPU = Release|Any CPU
	EndGlobalSection
	GlobalSection(ProjectConfigurationPlatforms) = postSolution
		{7A93D855-CCF3-4E34-B8D1-065286BBFA52}.Debug|Any CPU.ActiveCfg = Debug|Any CPU
		{7A93D855-CCF3-4E34-B8D1-065286BBFA52}.Debug|Any CPU.Build.0 = Debug|Any CPU
		{7A93D855-CCF3-4E34-B8D1-065286BBFA52}.Release|Any CPU.ActiveCfg = Release|Any CPU
		{7A93D855-CCF3-4E34-B8D1-065286BBFA52}.Release|Any CPU.Build.0 = Release|Any CPU
		{BCC0A28B-1B50-46AA-883D-D7239C0AD0B6}.Debug|Any CPU.ActiveCfg = Debug|Any CPU
		{BCC0A28B-1B50-46AA-883D-D7239C0AD0B6}.Debug|Any CPU.Build.0 = Debug|Any CPU
		{BCC0A28B-1B50-46AA-883D-D7239C0AD0B6}.Release|Any CPU.ActiveCfg = Release|Any CPU
		{BCC0A28B-1B50-46AA-883D-D7239C0AD0B6}.Release|Any CPU.Build.0 = Release|Any CPU
		{DD9B21F5-328D-4A25-90B1-E9DC81B6FD54}.Debug|Any CPU.ActiveCfg = Debug|Any CPU
		{DD9B21F5-328D-4A25-90B1-E9DC81B6FD54}.Debug|Any CPU.Build.0 = Debug|Any CPU
		{DD9B21F5-328D-4A25-90B1-E9DC81B6FD54}.Release|Any CPU.ActiveCfg = Release|Any CPU
		{DD9B21F5-328D-4A25-90B1-E9DC81B6FD54}.Release|Any CPU.Build.0 = Release|Any CPU
		{69927286-9B68-4F66-9204-658F38C56A38}.Debug|Any CPU.ActiveCfg = Debug|Any CPU
		{69927286-9B68-4F66-9204-658F38C56A38}.Debug|Any CPU.Build.0 = Debug|Any CPU
		{69927286-9B68-4F66-9204-658F38C56A38}.Release|Any CPU.ActiveCfg = Release|Any CPU
		{69927286-9B68-4F66-9204-658F38C56A38}.Release|Any CPU.Build.0 = Release|Any CPU
		{3C8260D2-A5E1-42B3-B792-4A8A1B652D72}.Debug|Any CPU.ActiveCfg = Debug|Any CPU
		{3C8260D2-A5E1-42B3-B792-4A8A1B652D72}.Debug|Any CPU.Build.0 = Debug|Any CPU
		{3C8260D2-A5E1-42B3-B792-4A8A1B652D72}.Release|Any CPU.ActiveCfg = Release|Any CPU
		{3C8260D2-A5E1-42B3-B792-4A8A1B652D72}.Release|Any CPU.Build.0 = Release|Any CPU
		{E7F81B42-5339-4F8C-B0B0-0AB06344321B}.Debug|Any CPU.ActiveCfg = Debug|Any CPU
		{E7F81B42-5339-4F8C-B0B0-0AB06344321B}.Debug|Any CPU.Build.0 = Debug|Any CPU
		{E7F81B42-5339-4F8C-B0B0-0AB06344321B}.Release|Any CPU.ActiveCfg = Release|Any CPU
		{E7F81B42-5339-4F8C-B0B0-0AB06344321B}.Release|Any CPU.Build.0 = Release|Any CPU
		{BA46A9AB-D81B-46A8-B1DF-A2F1A390CDA8}.Debug|Any CPU.ActiveCfg = Debug|Any CPU
		{BA46A9AB-D81B-46A8-B1DF-A2F1A390CDA8}.Debug|Any CPU.Build.0 = Debug|Any CPU
		{BA46A9AB-D81B-46A8-B1DF-A2F1A390CDA8}.Release|Any CPU.ActiveCfg = Release|Any CPU
		{BA46A9AB-D81B-46A8-B1DF-A2F1A390CDA8}.Release|Any CPU.Build.0 = Release|Any CPU
		{950E0242-9856-4B2A-AE2B-87BDABB17F9C}.Debug|Any CPU.ActiveCfg = Debug|Any CPU
		{950E0242-9856-4B2A-AE2B-87BDABB17F9C}.Debug|Any CPU.Build.0 = Debug|Any CPU
		{950E0242-9856-4B2A-AE2B-87BDABB17F9C}.Release|Any CPU.ActiveCfg = Release|Any CPU
		{950E0242-9856-4B2A-AE2B-87BDABB17F9C}.Release|Any CPU.Build.0 = Release|Any CPU
		{10010FA6-2F24-4C9E-91DC-C16B98588690}.Debug|Any CPU.ActiveCfg = Debug|Any CPU
		{10010FA6-2F24-4C9E-91DC-C16B98588690}.Debug|Any CPU.Build.0 = Debug|Any CPU
		{10010FA6-2F24-4C9E-91DC-C16B98588690}.Release|Any CPU.ActiveCfg = Release|Any CPU
		{10010FA6-2F24-4C9E-91DC-C16B98588690}.Release|Any CPU.Build.0 = Release|Any CPU
		{9F7B7D15-28D5-4457-89C5-4E5749A87C54}.Debug|Any CPU.ActiveCfg = Debug|Any CPU
		{9F7B7D15-28D5-4457-89C5-4E5749A87C54}.Debug|Any CPU.Build.0 = Debug|Any CPU
		{9F7B7D15-28D5-4457-89C5-4E5749A87C54}.Release|Any CPU.ActiveCfg = Release|Any CPU
		{9F7B7D15-28D5-4457-89C5-4E5749A87C54}.Release|Any CPU.Build.0 = Release|Any CPU
	EndGlobalSection
	GlobalSection(SolutionProperties) = preSolution
		HideSolutionNode = FALSE
	EndGlobalSection
	GlobalSection(ExtensibilityGlobals) = postSolution
		SolutionGuid = {5E83CA77-79E3-45DF-AE98-DF089B3FBF02}
	EndGlobalSection
EndGlobal
